lockfileVersion: '6.0'

settings:
  autoInstallPeers: true
  excludeLinksFromLockfile: false

dependencies:
  xstate:
    specifier: ^5.10.0
    version: 5.10.0

packages:

  /xstate@5.10.0:
    resolution: {integrity: sha512-rn3AbPFHngLqtfFTe9KDXJ1wQX4ACDKnQyQ2ShjuKor3iVnxDSKyDL9llFLiOpaBQu+cFMKcZYlpXo5nb/q5rw==}
    dev: false
